
Microsoft Visual Studio Solution File, Format Version 12.00
# Visual Studio Version 17
VisualStudioVersion = 17.5.33414.496
MinimumVisualStudioVersion = 10.0.40219.1
Project("{9A19103F-16F7-4668-BE54-9A1E7A4F7556}") = "Shared", "Shared\Shared.csproj", "{C7A3F1BE-932C-4111-9C9F-E091EB8AC4B4}"
EndProject
Project("{9A19103F-16F7-4668-BE54-9A1E7A4F7556}") = "OData", "OData\OData.csproj", "{6A3860A0-BD12-4724-B5CC-534DF12E46B7}"
EndProject
Project("{9A19103F-16F7-4668-BE54-9A1E7A4F7556}") = "JsonApi", "JsonApi\JsonApi.csproj", "{6356AC3F-C99F-4294-A926-202C36DFB3C5}"
EndProject
Project("{FAE04EC0-301F-11D3-BF4B-00C04F79EFBC}") = "Hot-Chocolate", "Hot-Chocolate\Hot-Chocolate.csproj", "{B175ABA7-046E-4DC6-92B1-FB65AF8A7369}"
EndProject
Global
	GlobalSection(SolutionConfigurationPlatforms) = preSolution
		Debug|Any CPU = Debug|Any CPU
		Release|Any CPU = Release|Any CPU
	EndGlobalSection
	GlobalSection(ProjectConfigurationPlatforms) = postSolution
		{C7A3F1BE-932C-4111-9C9F-E091EB8AC4B4}.Debug|Any CPU.ActiveCfg = Debug|Any CPU
		{C7A3F1BE-932C-4111-9C9F-E091EB8AC4B4}.Debug|Any CPU.Build.0 = Debug|Any CPU
		{C7A3F1BE-932C-4111-9C9F-E091EB8AC4B4}.Release|Any CPU.ActiveCfg = Release|Any CPU
		{C7A3F1BE-932C-4111-9C9F-E091EB8AC4B4}.Release|Any CPU.Build.0 = Release|Any CPU
		{6A3860A0-BD12-4724-B5CC-534DF12E46B7}.Debug|Any CPU.ActiveCfg = Debug|Any CPU
		{6A3860A0-BD12-4724-B5CC-534DF12E46B7}.Debug|Any CPU.Build.0 = Debug|Any CPU
		{6A3860A0-BD12-4724-B5CC-534DF12E46B7}.Release|Any CPU.ActiveCfg = Release|Any CPU
		{6A3860A0-BD12-4724-B5CC-534DF12E46B7}.Release|Any CPU.Build.0 = Release|Any CPU
		{6356AC3F-C99F-4294-A926-202C36DFB3C5}.Debug|Any CPU.ActiveCfg = Debug|Any CPU
		{6356AC3F-C99F-4294-A926-202C36DFB3C5}.Debug|Any CPU.Build.0 = Debug|Any CPU
		{6356AC3F-C99F-4294-A926-202C36DFB3C5}.Release|Any CPU.ActiveCfg = Release|Any CPU
		{6356AC3F-C99F-4294-A926-202C36DFB3C5}.Release|Any CPU.Build.0 = Release|Any CPU
		{B175ABA7-046E-4DC6-92B1-FB65AF8A7369}.Debug|Any CPU.ActiveCfg = Debug|Any CPU
		{B175ABA7-046E-4DC6-92B1-FB65AF8A7369}.Debug|Any CPU.Build.0 = Debug|Any CPU
		{B175ABA7-046E-4DC6-92B1-FB65AF8A7369}.Release|Any CPU.ActiveCfg = Release|Any CPU
		{B175ABA7-046E-4DC6-92B1-FB65AF8A7369}.Release|Any CPU.Build.0 = Release|Any CPU
	EndGlobalSection
	GlobalSection(SolutionProperties) = preSolution
		HideSolutionNode = FALSE
	EndGlobalSection
	GlobalSection(ExtensibilityGlobals) = postSolution
		SolutionGuid = {57DB3650-3D47-49C7-8567-5AD2511B8A83}
	EndGlobalSection
EndGlobal
