
Microsoft Visual Studio Solution File, Format Version 12.00
# Visual Studio Version 17
VisualStudioVersion = 17.5.33414.496
MinimumVisualStudioVersion = 10.0.40219.1
Project("{9A19103F-16F7-4668-BE54-9A1E7A4F7556}") = "Shared", "Shared\Shared.csproj", "{C7A3F1BE-932C-4111-9C9F-E091EB8AC4B4}"
EndProject
Project("{9A19103F-16F7-4668-BE54-9A1E7A4F7556}") = "OData", "OData\OData.csproj", "{6A3860A0-BD12-4724-B5CC-534DF12E46B7}"
EndProject
Project("{9A19103F-16F7-4668-BE54-9A1E7A4F7556}") = "JsonApi", "JsonApi\JsonApi.csproj", "{6356AC3F-C99F-4294-A926-202C36DFB3C5}"
EndProject
Project("{9A19103F-16F7-4668-BE54-9A1E7A4F7556}") = "Hot-Chocolate", "Hot-Chocolate\Hot-Chocolate.csproj", "{B175ABA7-046E-4DC6-92B1-FB65AF8A7369}"
EndProject
Project("{2150E333-8FDC-42A3-9474-1A3956D46DE8}") = "Solution Items", "Solution Items", "{A9643049-4621-4E9A-8670-1BAF3AF9770C}"
	ProjectSection(SolutionItems) = preProject
		docker-compose.yml = docker-compose.yml
		README.md = README.md
	EndProjectSection
EndProject
Project("{2150E333-8FDC-42A3-9474-1A3956D46DE8}") = "Tests", "Tests", "{679F3B0A-96DF-4CD1-A918-84FB338ECA9C}"
EndProject
Project("{2150E333-8FDC-42A3-9474-1A3956D46DE8}") = "2", "2", "{92DD77C2-0A06-49FC-8060-F01ACC75C6D3}"
	ProjectSection(SolutionItems) = preProject
		Tests\2\hotchocolate.js = Tests\2\hotchocolate.js
		Tests\2\jsonapi.js = Tests\2\jsonapi.js
		Tests\2\odata.js = Tests\2\odata.js
	EndProjectSection
EndProject
Project("{2150E333-8FDC-42A3-9474-1A3956D46DE8}") = "1", "1", "{480BD8FB-2DDB-495B-B668-568FA82447E7}"
	ProjectSection(SolutionItems) = preProject
		Tests\1\hotchocolate.js = Tests\1\hotchocolate.js
		Tests\1\jsonapi.js = Tests\1\jsonapi.js
		Tests\1\odata.js = Tests\1\odata.js
	EndProjectSection
EndProject
Project("{2150E333-8FDC-42A3-9474-1A3956D46DE8}") = "3", "3", "{12B65CA3-5A51-4228-80A6-F09CAF8DE7E4}"
	ProjectSection(SolutionItems) = preProject
		Tests\3\hotchocolate.js = Tests\3\hotchocolate.js
		Tests\3\jsonapi.js = Tests\3\jsonapi.js
		Tests\3\odata.js = Tests\3\odata.js
	EndProjectSection
EndProject
Global
	GlobalSection(SolutionConfigurationPlatforms) = preSolution
		Debug|Any CPU = Debug|Any CPU
		Release|Any CPU = Release|Any CPU
	EndGlobalSection
	GlobalSection(ProjectConfigurationPlatforms) = postSolution
		{C7A3F1BE-932C-4111-9C9F-E091EB8AC4B4}.Debug|Any CPU.ActiveCfg = Debug|Any CPU
		{C7A3F1BE-932C-4111-9C9F-E091EB8AC4B4}.Debug|Any CPU.Build.0 = Debug|Any CPU
		{C7A3F1BE-932C-4111-9C9F-E091EB8AC4B4}.Release|Any CPU.ActiveCfg = Release|Any CPU
		{C7A3F1BE-932C-4111-9C9F-E091EB8AC4B4}.Release|Any CPU.Build.0 = Release|Any CPU
		{6A3860A0-BD12-4724-B5CC-534DF12E46B7}.Debug|Any CPU.ActiveCfg = Debug|Any CPU
		{6A3860A0-BD12-4724-B5CC-534DF12E46B7}.Debug|Any CPU.Build.0 = Debug|Any CPU
		{6A3860A0-BD12-4724-B5CC-534DF12E46B7}.Release|Any CPU.ActiveCfg = Release|Any CPU
		{6A3860A0-BD12-4724-B5CC-534DF12E46B7}.Release|Any CPU.Build.0 = Release|Any CPU
		{6356AC3F-C99F-4294-A926-202C36DFB3C5}.Debug|Any CPU.ActiveCfg = Debug|Any CPU
		{6356AC3F-C99F-4294-A926-202C36DFB3C5}.Debug|Any CPU.Build.0 = Debug|Any CPU
		{6356AC3F-C99F-4294-A926-202C36DFB3C5}.Release|Any CPU.ActiveCfg = Release|Any CPU
		{6356AC3F-C99F-4294-A926-202C36DFB3C5}.Release|Any CPU.Build.0 = Release|Any CPU
		{B175ABA7-046E-4DC6-92B1-FB65AF8A7369}.Debug|Any CPU.ActiveCfg = Debug|Any CPU
		{B175ABA7-046E-4DC6-92B1-FB65AF8A7369}.Debug|Any CPU.Build.0 = Debug|Any CPU
		{B175ABA7-046E-4DC6-92B1-FB65AF8A7369}.Release|Any CPU.ActiveCfg = Release|Any CPU
		{B175ABA7-046E-4DC6-92B1-FB65AF8A7369}.Release|Any CPU.Build.0 = Release|Any CPU
	EndGlobalSection
	GlobalSection(SolutionProperties) = preSolution
		HideSolutionNode = FALSE
	EndGlobalSection
	GlobalSection(NestedProjects) = preSolution
		{679F3B0A-96DF-4CD1-A918-84FB338ECA9C} = {A9643049-4621-4E9A-8670-1BAF3AF9770C}
		{92DD77C2-0A06-49FC-8060-F01ACC75C6D3} = {679F3B0A-96DF-4CD1-A918-84FB338ECA9C}
		{480BD8FB-2DDB-495B-B668-568FA82447E7} = {679F3B0A-96DF-4CD1-A918-84FB338ECA9C}
		{12B65CA3-5A51-4228-80A6-F09CAF8DE7E4} = {679F3B0A-96DF-4CD1-A918-84FB338ECA9C}
	EndGlobalSection
	GlobalSection(ExtensibilityGlobals) = postSolution
		SolutionGuid = {57DB3650-3D47-49C7-8567-5AD2511B8A83}
	EndGlobalSection
EndGlobal
